PODS:
  - Flutter (1.0.0)
  - geocoder (0.0.1):
    - Flutter
  - geolocator_apple (1.2.0):
    - Flutter
  - shared_preferences (0.0.1):
    - Flutter
  - sms_otp_auto_verify (0.0.1):
    - Flutter

DEPENDENCIES:
  - Flutter (from `Flutter`)
  - geocoder (from `.symlinks/plugins/geocoder/ios`)
  - geolocator_apple (from `.symlinks/plugins/geolocator_apple/ios`)
  - shared_preferences (from `.symlinks/plugins/shared_preferences/ios`)
  - sms_otp_auto_verify (from `.symlinks/plugins/sms_otp_auto_verify/ios`)

EXTERNAL SOURCES:
  Flutter:
    :path: Flutter
  geocoder:
    :path: ".symlinks/plugins/geocoder/ios"
  geolocator_apple:
    :path: ".symlinks/plugins/geolocator_apple/ios"
  shared_preferences:
    :path: ".symlinks/plugins/shared_preferences/ios"
  sms_otp_auto_verify:
    :path: ".symlinks/plugins/sms_otp_auto_verify/ios"

SPEC CHECKSUMS:
  Flutter: 434fef37c0980e73bb6479ef766c45957d4b510c
  geocoder: 3cfab70531a0b367e917bafe82df4c30f6d4c45a
  geolocator_apple: b741765c55dc21950e3e106e8b3584e55cf81ce5
  shared_preferences: af6bfa751691cdc24be3045c43ec037377ada40d
  sms_otp_auto_verify: 201803ac25e13feedaae96eda8b70b10c55b3338

PODFILE CHECKSUM: aafe91acc616949ddb318b77800a7f51bffa2a4c

COCOAPODS: 1.11.2
